<?xml version="1.0" encoding="utf-8"?>
<Project ToolsVersion="4.0" xmlns="http://schemas.microsoft.com/developer/msbuild/2003">
  <ItemGroup>
    <ClInclude Include="define\Define.h" />
    <ClInclude Include="class\header\hero.h" />
    <ClInclude Include="class\header\bullet.h" />
    <ClInclude Include="class\header\maps.h" />
    <ClInclude Include="class\header\game_menu.h" />
    <ClInclude Include="class\header\button.h" />
    <ClInclude Include="class\header\enemy.h" />
    <ClInclude Include="class\header\object.h" />
  </ItemGroup>
  <ItemGroup>
    <ClCompile Include="Source.cpp" />
    <ClCompile Include="class\cpp\hero.cpp" />
    <ClCompile Include="class\cpp\bullet.cpp" />
    <ClCompile Include="class\cpp\maps.cpp" />
    <ClCompile Include="class\cpp\game_menu.cpp" />
    <ClCompile Include="class\cpp\button.cpp" />
    <ClCompile Include="class\cpp\enemy.cpp" />
  </ItemGroup>
</Project>